# THIS IS AN AUTOGENERATED FILE. DO NOT EDIT THIS FILE DIRECTLY.
# yarn lockfile v1


uri-scheme@^1.1.0:
  version "1.1.0"
  resolved "https://registry.yarnpkg.com/uri-scheme/-/uri-scheme-1.1.0.tgz#505e8ff199207b4c195009564158f939932f3c14"
  integrity sha512-Psup0SqWmpf2TDohyMVa9UwhmHGXCvn1/+5jkSKy9BwUq3grRmBCmhpClViiWSkqjyNfJmcbZH68RFYqE2hmbQ==
